// !$*UTF8*$!
{
	archiveVersion = 1;
	classes = {
	};
	objectVersion = 50;
	objects = {

/* Begin PBXBuildFile section */
		63FF0720245B3E45007A1CF4 /* AppDelegate.swift in Sources */ = {isa = PBXBuildFile; fileRef = 63FF071F245B3E45007A1CF4 /* AppDelegate.swift */; };
		63FF0722245B3E45007A1CF4 /* SceneDelegate.swift in Sources */ = {isa = PBXBuildFile; fileRef = 63FF0721245B3E45007A1CF4 /* SceneDelegate.swift */; };
		63FF0725245B3E46007A1CF4 /* Series_Firestore.xcdatamodeld in Sources */ = {isa = PBXBuildFile; fileRef = 63FF0723245B3E45007A1CF4 /* Series_Firestore.xcdatamodeld */; };
		63FF0727245B3E46007A1CF4 /* ContentView.swift in Sources */ = {isa = PBXBuildFile; fileRef = 63FF0726245B3E46007A1CF4 /* ContentView.swift */; };
		63FF0729245B3E4A007A1CF4 /* Assets.xcassets in Resources */ = {isa = PBXBuildFile; fileRef = 63FF0728245B3E4A007A1CF4 /* Assets.xcassets */; };
		63FF072C245B3E4A007A1CF4 /* Preview Assets.xcassets in Resources */ = {isa = PBXBuildFile; fileRef = 63FF072B245B3E4A007A1CF4 /* Preview Assets.xcassets */; };
		63FF072F245B3E4A007A1CF4 /* LaunchScreen.storyboard in Resources */ = {isa = PBXBuildFile; fileRef = 63FF072D245B3E4A007A1CF4 /* LaunchScreen.storyboard */; };
/* End PBXBuildFile section */

/* Begin PBXFileReference section */
		63FF071C245B3E45007A1CF4 /* Series-Firestore.app */ = {isa = PBXFileReference; explicitFileType = wrapper.application; includeInIndex = 0; path = "Series-Firestore.app"; sourceTree = BUILT_PRODUCTS_DIR; };
		63FF071F245B3E45007A1CF4 /* AppDelegate.swift */ = {isa = PBXFileReference; lastKnownFileType = sourcecode.swift; path = AppDelegate.swift; sourceTree = "<group>"; };
		63FF0721245B3E45007A1CF4 /* SceneDelegate.swift */ = {isa = PBXFileReference; lastKnownFileType = sourcecode.swift; path = SceneDelegate.swift; sourceTree = "<group>"; };
		63FF0724245B3E45007A1CF4 /* Series_Firestore.xcdatamodel */ = {isa = PBXFileReference; lastKnownFileType = wrapper.xcdatamodel; path = Series_Firestore.xcdatamodel; sourceTree = "<group>"; };
		63FF0726245B3E46007A1CF4 /* ContentView.swift */ = {isa = PBXFileReference; lastKnownFileType = sourcecode.swift; path = ContentView.swift; sourceTree = "<group>"; };
		63FF0728245B3E4A007A1CF4 /* Assets.xcassets */ = {isa = PBXFileReference; lastKnownFileType = folder.assetcatalog; path = Assets.xcassets; sourceTree = "<group>"; };
		63FF072B245B3E4A007A1CF4 /* Preview Assets.xcassets */ = {isa = PBXFileReference; lastKnownFileType = folder.assetcatalog; path = "Preview Assets.xcassets"; sourceTree = "<group>"; };
		63FF072E245B3E4A007A1CF4 /* Base */ = {isa = PBXFileReference; lastKnownFileType = file.storyboard; name = Base; path = Base.lproj/LaunchScreen.storyboard; sourceTree = "<group>"; };
		63FF0730245B3E4A007A1CF4 /* Info.plist */ = {isa = PBXFileReference; lastKnownFileType = text.plist.xml; path = Info.plist; sourceTree = "<group>"; };
/* End PBXFileReference section */

/* Begin PBXFrameworksBuildPhase section */
		63FF0719245B3E45007A1CF4 /* Frameworks */ = {
			isa = PBXFrameworksBuildPhase;
			buildActionMask = 2147483647;
			files = (
			);
			runOnlyForDeploymentPostprocessing = 0;
		};
/* End PBXFrameworksBuildPhase section */

/* Begin PBXGroup section */
		63FF0713245B3E45007A1CF4 = {
			isa = PBXGroup;
			children = (
				63FF071E245B3E45007A1CF4 /* Series-Firestore */,
				63FF071D245B3E45007A1CF4 /* Products */,
			);
			sourceTree = "<group>";
		};
		63FF071D245B3E45007A1CF4 /* Products */ = {
			isa = PBXGroup;
			children = (
				63FF071C245B3E45007A1CF4 /* Series-Firestore.app */,
			);
			name = Products;
			sourceTree = "<group>";
		};
		63FF071E245B3E45007A1CF4 /* Series-Firestore */ = {
			isa = PBXGroup;
			children = (
				63FF071F245B3E45007A1CF4 /* AppDelegate.swift */,
				63FF0721245B3E45007A1CF4 /* SceneDelegate.swift */,
				63FF0726245B3E46007A1CF4 /* ContentView.swift */,
				63FF0728245B3E4A007A1CF4 /* Assets.xcassets */,
				63FF072D245B3E4A007A1CF4 /* LaunchScreen.storyboard */,
				63FF0730245B3E4A007A1CF4 /* Info.plist */,
				63FF0723245B3E45007A1CF4 /* Series_Firestore.xcdatamodeld */,
				63FF072A245B3E4A007A1CF4 /* Preview Content */,
			);
			path = "Series-Firestore";
			sourceTree = "<group>";
		};
		63FF072A245B3E4A007A1CF4 /* Preview Content */ = {
			isa = PBXGroup;
			children = (
				63FF072B245B3E4A007A1CF4 /* Preview Assets.xcassets */,
			);
			path = "Preview Content";
			sourceTree = "<group>";
		};
/* End PBXGroup section */

/* Begin PBXNativeTarget section */
		63FF071B245B3E45007A1CF4 /* Series-Firestore */ = {
			isa = PBXNativeTarget;
			buildConfigurationList = 63FF0733245B3E4A007A1CF4 /* Build configuration list for PBXNativeTarget "Series-Firestore" */;
			buildPhases = (
				63FF0718245B3E45007A1CF4 /* Sources */,
				63FF0719245B3E45007A1CF4 /* Frameworks */,
				63FF071A245B3E45007A1CF4 /* Resources */,
			);
			buildRules = (
			);
			dependencies = (
			);
			name = "Series-Firestore";
			productName = "Series-Firestore";
			productReference = 63FF071C245B3E45007A1CF4 /* Series-Firestore.app */;
			productType = "com.apple.product-type.application";
		};
/* End PBXNativeTarget section */

/* Begin PBXProject section */
		63FF0714245B3E45007A1CF4 /* Project object */ = {
			isa = PBXProject;
			attributes = {
				LastSwiftUpdateCheck = 1140;
				LastUpgradeCheck = 1140;
				ORGANIZATIONNAME = "Tec de Monterrey";
				TargetAttributes = {
					63FF071B245B3E45007A1CF4 = {
						CreatedOnToolsVersion = 11.4.1;
					};
				};
			};
			buildConfigurationList = 63FF0717245B3E45007A1CF4 /* Build configuration list for PBXProject "Series-Firestore" */;
			compatibilityVersion = "Xcode 9.3";
			developmentRegion = en;
			hasScannedForEncodings = 0;
			knownRegions = (
				en,
				Base,
			);
			mainGroup = 63FF0713245B3E45007A1CF4;
			productRefGroup = 63FF071D245B3E45007A1CF4 /* Products */;
			projectDirPath = "";
			projectRoot = "";
			targets = (
				63FF071B245B3E45007A1CF4 /* Series-Firestore */,
			);
		};
/* End PBXProject section */

/* Begin PBXResourcesBuildPhase section */
		63FF071A245B3E45007A1CF4 /* Resources */ = {
			isa = PBXResourcesBuildPhase;
			buildActionMask = 2147483647;
			files = (
				63FF072F245B3E4A007A1CF4 /* LaunchScreen.storyboard in Resources */,
				63FF072C245B3E4A007A1CF4 /* Preview Assets.xcassets in Resources */,
				63FF0729245B3E4A007A1CF4 /* Assets.xcassets in Resources */,
			);
			runOnlyForDeploymentPostprocessing = 0;
		};
/* End PBXResourcesBuildPhase section */

/* Begin PBXSourcesBuildPhase section */
		63FF0718245B3E45007A1CF4 /* Sources */ = {
			isa = PBXSourcesBuildPhase;
			buildActionMask = 2147483647;
			files = (
				63FF0720245B3E45007A1CF4 /* AppDelegate.swift in Sources */,
				63FF0722245B3E45007A1CF4 /* SceneDelegate.swift in Sources */,
				63FF0727245B3E46007A1CF4 /* ContentView.swift in Sources */,
				63FF0725245B3E46007A1CF4 /* Series_Firestore.xcdatamodeld in Sources */,
			);
			runOnlyForDeploymentPostprocessing = 0;
		};
/* End PBXSourcesBuildPhase section */

/* Begin PBXVariantGroup section */
		63FF072D245B3E4A007A1CF4 /* LaunchScreen.storyboard */ = {
			isa = PBXVariantGroup;
			children = (
				63FF072E245B3E4A007A1CF4 /* Base */,
			);
			name = LaunchScreen.storyboard;
			sourceTree = "<group>";
		};
/* End PBXVariantGroup section */

/* Begin XCBuildConfiguration section */
		63FF0731245B3E4A007A1CF4 /* Debug */ = {
			isa = XCBuildConfiguration;
			buildSettings = {
				ALWAYS_SEARCH_USER_PATHS = NO;
				CLANG_ANALYZER_NONNULL = YES;
				CLANG_ANALYZER_NUMBER_OBJECT_CONVERSION = YES_AGGRESSIVE;
				CLANG_CXX_LANGUAGE_STANDARD = "gnu++14";
				CLANG_CXX_LIBRARY = "libc++";
				CLANG_ENABLE_MODULES = YES;
				CLANG_ENABLE_OBJC_ARC = YES;
				CLANG_ENABLE_OBJC_WEAK = YES;
				CLANG_WARN_BLOCK_CAPTURE_AUTORELEASING = YES;
				CLANG_WARN_BOOL_CONVERSION = YES;
				CLANG_WARN_COMMA = YES;
				CLANG_WARN_CONSTANT_CONVERSION = YES;
				CLANG_WARN_DEPRECATED_OBJC_IMPLEMENTATIONS = YES;
				CLANG_WARN_DIRECT_OBJC_ISA_USAGE = YES_ERROR;
				CLANG_WARN_DOCUMENTATION_COMMENTS = YES;
				CLANG_WARN_EMPTY_BODY = YES;
				CLANG_WARN_ENUM_CONVERSION = YES;
				CLANG_WARN_INFINITE_RECURSION = YES;
				CLANG_WARN_INT_CONVERSION = YES;
				CLANG_WARN_NON_LITERAL_NULL_CONVERSION = YES;
				CLANG_WARN_OBJC_IMPLICIT_RETAIN_SELF = YES;
				CLANG_WARN_OBJC_LITERAL_CONVERSION = YES;
				CLANG_WARN_OBJC_ROOT_CLASS = YES_ERROR;
				CLANG_WARN_RANGE_LOOP_ANALYSIS = YES;
				CLANG_WARN_STRICT_PROTOTYPES = YES;
				CLANG_WARN_SUSPICIOUS_MOVE = YES;
				CLANG_WARN_UNGUARDED_AVAILABILITY = YES_AGGRESSIVE;
				CLANG_WARN_UNREACHABLE_CODE = YES;
				CLANG_WARN__DUPLICATE_METHOD_MATCH = YES;
				COPY_PHASE_STRIP = NO;
				DEBUG_INFORMATION_FORMAT = dwarf;
				ENABLE_STRICT_OBJC_MSGSEND = YES;
				ENABLE_TESTABILITY = YES;
				GCC_C_LANGUAGE_STANDARD = gnu11;
				GCC_DYNAMIC_NO_PIC = NO;
				GCC_NO_COMMON_BLOCKS = YES;
				GCC_OPTIMIZATION_LEVEL = 0;
				GCC_PREPROCESSOR_DEFINITIONS = (
					"DEBUG=1",
					"$(inherited)",
				);
				GCC_WARN_64_TO_32_BIT_CONVERSION = YES;
				GCC_WARN_ABOUT_RETURN_TYPE = YES_ERROR;
				GCC_WARN_UNDECLARED_SELECTOR = YES;
				GCC_WARN_UNINITIALIZED_AUTOS = YES_AGGRESSIVE;
				GCC_WARN_UNUSED_FUNCTION = YES;
				GCC_WARN_UNUSED_VARIABLE = YES;
				IPHONEOS_DEPLOYMENT_TARGET = 13.4;
				MTL_ENABLE_DEBUG_INFO = INCLUDE_SOURCE;
				MTL_FAST_MATH = YES;
				ONLY_ACTIVE_ARCH = YES;
				SDKROOT = iphoneos;
				SWIFT_ACTIVE_COMPILATION_CONDITIONS = DEBUG;
				SWIFT_OPTIMIZATION_LEVEL = "-Onone";
			};
			name = Debug;
		};
		63FF0732245B3E4A007A1CF4 /* Release */ = {
			isa = XCBuildConfiguration;
			buildSettings = {
				ALWAYS_SEARCH_USER_PATHS = NO;
				CLANG_ANALYZER_NONNULL = YES;
				CLANG_ANALYZER_NUMBER_OBJECT_CONVERSION = YES_AGGRESSIVE;
				CLANG_CXX_LANGUAGE_STANDARD = "gnu++14";
				CLANG_CXX_LIBRARY = "libc++";
				CLANG_ENABLE_MODULES = YES;
				CLANG_ENABLE_OBJC_ARC = YES;
				CLANG_ENABLE_OBJC_WEAK = YES;
				CLANG_WARN_BLOCK_CAPTURE_AUTORELEASING = YES;
				CLANG_WARN_BOOL_CONVERSION = YES;
				CLANG_WARN_COMMA = YES;
				CLANG_WARN_CONSTANT_CONVERSION = YES;
				CLANG_WARN_DEPRECATED_OBJC_IMPLEMENTATIONS = YES;
				CLANG_WARN_DIRECT_OBJC_ISA_USAGE = YES_ERROR;
				CLANG_WARN_DOCUMENTATION_COMMENTS = YES;
				CLANG_WARN_EMPTY_BODY = YES;
				CLANG_WARN_ENUM_CONVERSION = YES;
				CLANG_WARN_INFINITE_RECURSION = YES;
				CLANG_WARN_INT_CONVERSION = YES;
				CLANG_WARN_NON_LITERAL_NULL_CONVERSION = YES;
				CLANG_WARN_OBJC_IMPLICIT_RETAIN_SELF = YES;
				CLANG_WARN_OBJC_LITERAL_CONVERSION = YES;
				CLANG_WARN_OBJC_ROOT_CLASS = YES_ERROR;
				CLANG_WARN_RANGE_LOOP_ANALYSIS = YES;
				CLANG_WARN_STRICT_PROTOTYPES = YES;
				CLANG_WARN_SUSPICIOUS_MOVE = YES;
				CLANG_WARN_UNGUARDED_AVAILABILITY = YES_AGGRESSIVE;
				CLANG_WARN_UNREACHABLE_CODE = YES;
				CLANG_WARN__DUPLICATE_METHOD_MATCH = YES;
				COPY_PHASE_STRIP = NO;
				DEBUG_INFORMATION_FORMAT = "dwarf-with-dsym";
				ENABLE_NS_ASSERTIONS = NO;
				ENABLE_STRICT_OBJC_MSGSEND = YES;
				GCC_C_LANGUAGE_STANDARD = gnu11;
				GCC_NO_COMMON_BLOCKS = YES;
				GCC_WARN_64_TO_32_BIT_CONVERSION = YES;
				GCC_WARN_ABOUT_RETURN_TYPE = YES_ERROR;
				GCC_WARN_UNDECLARED_SELECTOR = YES;
				GCC_WARN_UNINITIALIZED_AUTOS = YES_AGGRESSIVE;
				GCC_WARN_UNUSED_FUNCTION = YES;
				GCC_WARN_UNUSED_VARIABLE = YES;
				IPHONEOS_DEPLOYMENT_TARGET = 13.4;
				MTL_ENABLE_DEBUG_INFO = NO;
				MTL_FAST_MATH = YES;
				SDKROOT = iphoneos;
				SWIFT_COMPILATION_MODE = wholemodule;
				SWIFT_OPTIMIZATION_LEVEL = "-O";
				VALIDATE_PRODUCT = YES;
			};
			name = Release;
		};
		63FF0734245B3E4A007A1CF4 /* Debug */ = {
			isa = XCBuildConfiguration;
			buildSettings = {
				ASSETCATALOG_COMPILER_APPICON_NAME = AppIcon;
				CODE_SIGN_STYLE = Automatic;
				DEVELOPMENT_ASSET_PATHS = "\"Series-Firestore/Preview Content\"";
				DEVELOPMENT_TEAM = J97L2A8AMM;
				ENABLE_PREVIEWS = YES;
				INFOPLIST_FILE = "Series-Firestore/Info.plist";
				LD_RUNPATH_SEARCH_PATHS = (
					"$(inherited)",
					"@executable_path/Frameworks",
				);
				PRODUCT_BUNDLE_IDENTIFIER = "TecMty.Series-Firestore";
				PRODUCT_NAME = "$(TARGET_NAME)";
				SWIFT_VERSION = 5.0;
				TARGETED_DEVICE_FAMILY = "1,2";
			};
			name = Debug;
		};
		63FF0735245B3E4A007A1CF4 /* Release */ = {
			isa = XCBuildConfiguration;
			buildSettings = {
				ASSETCATALOG_COMPILER_APPICON_NAME = AppIcon;
				CODE_SIGN_STYLE = Automatic;
				DEVELOPMENT_ASSET_PATHS = "\"Series-Firestore/Preview Content\"";
				DEVELOPMENT_TEAM = J97L2A8AMM;
				ENABLE_PREVIEWS = YES;
				INFOPLIST_FILE = "Series-Firestore/Info.plist";
				LD_RUNPATH_SEARCH_PATHS = (
					"$(inherited)",
					"@executable_path/Frameworks",
				);
				PRODUCT_BUNDLE_IDENTIFIER = "TecMty.Series-Firestore";
				PRODUCT_NAME = "$(TARGET_NAME)";
				SWIFT_VERSION = 5.0;
				TARGETED_DEVICE_FAMILY = "1,2";
			};
			name = Release;
		};
/* End XCBuildConfiguration section */

/* Begin XCConfigurationList section */
		63FF0717245B3E45007A1CF4 /* Build configuration list for PBXProject "Series-Firestore" */ = {
			isa = XCConfigurationList;
			buildConfigurations = (
				63FF0731245B3E4A007A1CF4 /* Debug */,
				63FF0732245B3E4A007A1CF4 /* Release */,
			);
			defaultConfigurationIsVisible = 0;
			defaultConfigurationName = Release;
		};
		63FF0733245B3E4A007A1CF4 /* Build configuration list for PBXNativeTarget "Series-Firestore" */ = {
			isa = XCConfigurationList;
			buildConfigurations = (
				63FF0734245B3E4A007A1CF4 /* Debug */,
				63FF0735245B3E4A007A1CF4 /* Release */,
			);
			defaultConfigurationIsVisible = 0;
			defaultConfigurationName = Release;
		};
/* End XCConfigurationList section */

/* Begin XCVersionGroup section */
		63FF0723245B3E45007A1CF4 /* Series_Firestore.xcdatamodeld */ = {
			isa = XCVersionGroup;
			children = (
				63FF0724245B3E45007A1CF4 /* Series_Firestore.xcdatamodel */,
			);
			currentVersion = 63FF0724245B3E45007A1CF4 /* Series_Firestore.xcdatamodel */;
			path = Series_Firestore.xcdatamodeld;
			sourceTree = "<group>";
			versionGroupType = wrapper.xcdatamodel;
		};
/* End XCVersionGroup section */
	};
	rootObject = 63FF0714245B3E45007A1CF4 /* Project object */;
}
